
Microsoft Visual Studio Solution File, Format Version 12.00
# Visual Studio 15
VisualStudioVersion = 15.0.27130.2027
MinimumVisualStudioVersion = 10.0.40219.1
Project("{FAE04EC0-301F-11D3-BF4B-00C04F79EFBC}") = "Test2Lab2", "Test2Lab2\Test2Lab2.csproj", "{145507FF-5654-422E-B231-F56FF86DB90D}"
EndProject
Global
	GlobalSection(SolutionConfigurationPlatforms) = preSolution
		Debug|Any CPU = Debug|Any CPU
		Release|Any CPU = Release|Any CPU
	EndGlobalSection
	GlobalSection(ProjectConfigurationPlatforms) = postSolution
		{145507FF-5654-422E-B231-F56FF86DB90D}.Debug|Any CPU.ActiveCfg = Debug|Any CPU
		{145507FF-5654-422E-B231-F56FF86DB90D}.Debug|Any CPU.Build.0 = Debug|Any CPU
		{145507FF-5654-422E-B231-F56FF86DB90D}.Release|Any CPU.ActiveCfg = Release|Any CPU
		{145507FF-5654-422E-B231-F56FF86DB90D}.Release|Any CPU.Build.0 = Release|Any CPU
	EndGlobalSection
	GlobalSection(SolutionProperties) = preSolution
		HideSolutionNode = FALSE
	EndGlobalSection
	GlobalSection(ExtensibilityGlobals) = postSolution
		SolutionGuid = {E5AF7F28-905F-41CF-9EDA-E9C9E26DBE82}
	EndGlobalSection
EndGlobal
